// !$*UTF8*$!
{
	archiveVersion = 1;
	classes = {
	};
	objectVersion = 46;
	objects = {

/* Begin PBXBuildFile section */
		9541463A19ED93C200DE3E8F /* AppDelegate.swift in Sources */ = {isa = PBXBuildFile; fileRef = 9541463919ED93C200DE3E8F /* AppDelegate.swift */; };
		9541463C19ED93C200DE3E8F /* ViewController.swift in Sources */ = {isa = PBXBuildFile; fileRef = 9541463B19ED93C200DE3E8F /* ViewController.swift */; };
		9541463F19ED93C200DE3E8F /* Main.storyboard in Resources */ = {isa = PBXBuildFile; fileRef = 9541463D19ED93C200DE3E8F /* Main.storyboard */; };
		9541464119ED93C200DE3E8F /* Images.xcassets in Resources */ = {isa = PBXBuildFile; fileRef = 9541464019ED93C200DE3E8F /* Images.xcassets */; };
		9541464419ED93C200DE3E8F /* LaunchScreen.xib in Resources */ = {isa = PBXBuildFile; fileRef = 9541464219ED93C200DE3E8F /* LaunchScreen.xib */; };
		9541465019ED93C200DE3E8F /* PostcardTests.swift in Sources */ = {isa = PBXBuildFile; fileRef = 9541464F19ED93C200DE3E8F /* PostcardTests.swift */; };
		9541465A19EDA67100DE3E8F /* SagradaFamilia.jpeg in Resources */ = {isa = PBXBuildFile; fileRef = 9541465919EDA67100DE3E8F /* SagradaFamilia.jpeg */; };
		95AFF2BE19EEFBB0009F6E31 /* AlbertEinsteinStamp.jpg in Resources */ = {isa = PBXBuildFile; fileRef = 95AFF2BD19EEFBB0009F6E31 /* AlbertEinsteinStamp.jpg */; };
/* End PBXBuildFile section */

/* Begin PBXContainerItemProxy section */
		9541464A19ED93C200DE3E8F /* PBXContainerItemProxy */ = {
			isa = PBXContainerItemProxy;
			containerPortal = 9541462C19ED93C200DE3E8F /* Project object */;
			proxyType = 1;
			remoteGlobalIDString = 9541463319ED93C200DE3E8F;
			remoteInfo = Postcard;
		};
/* End PBXContainerItemProxy section */

/* Begin PBXFileReference section */
		9541463419ED93C200DE3E8F /* Postcard.app */ = {isa = PBXFileReference; explicitFileType = wrapper.application; includeInIndex = 0; path = Postcard.app; sourceTree = BUILT_PRODUCTS_DIR; };
		9541463819ED93C200DE3E8F /* Info.plist */ = {isa = PBXFileReference; lastKnownFileType = text.plist.xml; path = Info.plist; sourceTree = "<group>"; };
		9541463919ED93C200DE3E8F /* AppDelegate.swift */ = {isa = PBXFileReference; lastKnownFileType = sourcecode.swift; path = AppDelegate.swift; sourceTree = "<group>"; };
		9541463B19ED93C200DE3E8F /* ViewController.swift */ = {isa = PBXFileReference; lastKnownFileType = sourcecode.swift; path = ViewController.swift; sourceTree = "<group>"; };
		9541463E19ED93C200DE3E8F /* Base */ = {isa = PBXFileReference; lastKnownFileType = file.storyboard; name = Base; path = Base.lproj/Main.storyboard; sourceTree = "<group>"; };
		9541464019ED93C200DE3E8F /* Images.xcassets */ = {isa = PBXFileReference; lastKnownFileType = folder.assetcatalog; path = Images.xcassets; sourceTree = "<group>"; };
		9541464319ED93C200DE3E8F /* Base */ = {isa = PBXFileReference; lastKnownFileType = file.xib; name = Base; path = Base.lproj/LaunchScreen.xib; sourceTree = "<group>"; };
		9541464919ED93C200DE3E8F /* PostcardTests.xctest */ = {isa = PBXFileReference; explicitFileType = wrapper.cfbundle; includeInIndex = 0; path = PostcardTests.xctest; sourceTree = BUILT_PRODUCTS_DIR; };
		9541464E19ED93C200DE3E8F /* Info.plist */ = {isa = PBXFileReference; lastKnownFileType = text.plist.xml; path = Info.plist; sourceTree = "<group>"; };
		9541464F19ED93C200DE3E8F /* PostcardTests.swift */ = {isa = PBXFileReference; lastKnownFileType = sourcecode.swift; path = PostcardTests.swift; sourceTree = "<group>"; };
		9541465919EDA67100DE3E8F /* SagradaFamilia.jpeg */ = {isa = PBXFileReference; lastKnownFileType = image.jpeg; path = SagradaFamilia.jpeg; sourceTree = "<group>"; };
		95AFF2BD19EEFBB0009F6E31 /* AlbertEinsteinStamp.jpg */ = {isa = PBXFileReference; lastKnownFileType = image.jpeg; path = AlbertEinsteinStamp.jpg; sourceTree = "<group>"; };
/* End PBXFileReference section */

/* Begin PBXFrameworksBuildPhase section */
		9541463119ED93C200DE3E8F /* Frameworks */ = {
			isa = PBXFrameworksBuildPhase;
			buildActionMask = 2147483647;
			files = (
			);
			runOnlyForDeploymentPostprocessing = 0;
		};
		9541464619ED93C200DE3E8F /* Frameworks */ = {
			isa = PBXFrameworksBuildPhase;
			buildActionMask = 2147483647;
			files = (
			);
			runOnlyForDeploymentPostprocessing = 0;
		};
/* End PBXFrameworksBuildPhase section */

/* Begin PBXGroup section */
		9541462B19ED93C200DE3E8F = {
			isa = PBXGroup;
			children = (
				9541463619ED93C200DE3E8F /* Postcard */,
				9541464C19ED93C200DE3E8F /* PostcardTests */,
				9541463519ED93C200DE3E8F /* Products */,
			);
			sourceTree = "<group>";
		};
		9541463519ED93C200DE3E8F /* Products */ = {
			isa = PBXGroup;
			children = (
				9541463419ED93C200DE3E8F /* Postcard.app */,
				9541464919ED93C200DE3E8F /* PostcardTests.xctest */,
			);
			name = Products;
			sourceTree = "<group>";
		};
		9541463619ED93C200DE3E8F /* Postcard */ = {
			isa = PBXGroup;
			children = (
				9541463919ED93C200DE3E8F /* AppDelegate.swift */,
				9541463B19ED93C200DE3E8F /* ViewController.swift */,
				9541463D19ED93C200DE3E8F /* Main.storyboard */,
				9541464019ED93C200DE3E8F /* Images.xcassets */,
				9541464219ED93C200DE3E8F /* LaunchScreen.xib */,
				9541463719ED93C200DE3E8F /* Supporting Files */,
			);
			path = Postcard;
			sourceTree = "<group>";
		};
		9541463719ED93C200DE3E8F /* Supporting Files */ = {
			isa = PBXGroup;
			children = (
				95AFF2BD19EEFBB0009F6E31 /* AlbertEinsteinStamp.jpg */,
				9541465919EDA67100DE3E8F /* SagradaFamilia.jpeg */,
				9541463819ED93C200DE3E8F /* Info.plist */,
			);
			name = "Supporting Files";
			sourceTree = "<group>";
		};
		9541464C19ED93C200DE3E8F /* PostcardTests */ = {
			isa = PBXGroup;
			children = (
				9541464F19ED93C200DE3E8F /* PostcardTests.swift */,
				9541464D19ED93C200DE3E8F /* Supporting Files */,
			);
			path = PostcardTests;
			sourceTree = "<group>";
		};
		9541464D19ED93C200DE3E8F /* Supporting Files */ = {
			isa = PBXGroup;
			children = (
				9541464E19ED93C200DE3E8F /* Info.plist */,
			);
			name = "Supporting Files";
			sourceTree = "<group>";
		};
/* End PBXGroup section */

/* Begin PBXNativeTarget section */
		9541463319ED93C200DE3E8F /* Postcard */ = {
			isa = PBXNativeTarget;
			buildConfigurationList = 9541465319ED93C300DE3E8F /* Build configuration list for PBXNativeTarget "Postcard" */;
			buildPhases = (
				9541463019ED93C200DE3E8F /* Sources */,
				9541463119ED93C200DE3E8F /* Frameworks */,
				9541463219ED93C200DE3E8F /* Resources */,
			);
			buildRules = (
			);
			dependencies = (
			);
			name = Postcard;
			productName = Postcard;
			productReference = 9541463419ED93C200DE3E8F /* Postcard.app */;
			productType = "com.apple.product-type.application";
		};
		9541464819ED93C200DE3E8F /* PostcardTests */ = {
			isa = PBXNativeTarget;
			buildConfigurationList = 9541465619ED93C300DE3E8F /* Build configuration list for PBXNativeTarget "PostcardTests" */;
			buildPhases = (
				9541464519ED93C200DE3E8F /* Sources */,
				9541464619ED93C200DE3E8F /* Frameworks */,
				9541464719ED93C200DE3E8F /* Resources */,
			);
			buildRules = (
			);
			dependencies = (
				9541464B19ED93C200DE3E8F /* PBXTargetDependency */,
			);
			name = PostcardTests;
			productName = PostcardTests;
			productReference = 9541464919ED93C200DE3E8F /* PostcardTests.xctest */;
			productType = "com.apple.product-type.bundle.unit-test";
		};
/* End PBXNativeTarget section */

/* Begin PBXProject section */
		9541462C19ED93C200DE3E8F /* Project object */ = {
			isa = PBXProject;
			attributes = {
				LastUpgradeCheck = 0600;
				ORGANIZATIONNAME = "Camp Green Acres";
				TargetAttributes = {
					9541463319ED93C200DE3E8F = {
						CreatedOnToolsVersion = 6.0.1;
					};
					9541464819ED93C200DE3E8F = {
						CreatedOnToolsVersion = 6.0.1;
						TestTargetID = 9541463319ED93C200DE3E8F;
					};
				};
			};
			buildConfigurationList = 9541462F19ED93C200DE3E8F /* Build configuration list for PBXProject "Postcard" */;
			compatibilityVersion = "Xcode 3.2";
			developmentRegion = English;
			hasScannedForEncodings = 0;
			knownRegions = (
				en,
				Base,
			);
			mainGroup = 9541462B19ED93C200DE3E8F;
			productRefGroup = 9541463519ED93C200DE3E8F /* Products */;
			projectDirPath = "";
			projectRoot = "";
			targets = (
				9541463319ED93C200DE3E8F /* Postcard */,
				9541464819ED93C200DE3E8F /* PostcardTests */,
			);
		};
/* End PBXProject section */

/* Begin PBXResourcesBuildPhase section */
		9541463219ED93C200DE3E8F /* Resources */ = {
			isa = PBXResourcesBuildPhase;
			buildActionMask = 2147483647;
			files = (
				9541463F19ED93C200DE3E8F /* Main.storyboard in Resources */,
				9541465A19EDA67100DE3E8F /* SagradaFamilia.jpeg in Resources */,
				95AFF2BE19EEFBB0009F6E31 /* AlbertEinsteinStamp.jpg in Resources */,
				9541464419ED93C200DE3E8F /* LaunchScreen.xib in Resources */,
				9541464119ED93C200DE3E8F /* Images.xcassets in Resources */,
			);
			runOnlyForDeploymentPostprocessing = 0;
		};
		9541464719ED93C200DE3E8F /* Resources */ = {
			isa = PBXResourcesBuildPhase;
			buildActionMask = 2147483647;
			files = (
			);
			runOnlyForDeploymentPostprocessing = 0;
		};
/* End PBXResourcesBuildPhase section */

/* Begin PBXSourcesBuildPhase section */
		9541463019ED93C200DE3E8F /* Sources */ = {
			isa = PBXSourcesBuildPhase;
			buildActionMask = 2147483647;
			files = (
				9541463C19ED93C200DE3E8F /* ViewController.swift in Sources */,
				9541463A19ED93C200DE3E8F /* AppDelegate.swift in Sources */,
			);
			runOnlyForDeploymentPostprocessing = 0;
		};
		9541464519ED93C200DE3E8F /* Sources */ = {
			isa = PBXSourcesBuildPhase;
			buildActionMask = 2147483647;
			files = (
				9541465019ED93C200DE3E8F /* PostcardTests.swift in Sources */,
			);
			runOnlyForDeploymentPostprocessing = 0;
		};
/* End PBXSourcesBuildPhase section */

/* Begin PBXTargetDependency section */
		9541464B19ED93C200DE3E8F /* PBXTargetDependency */ = {
			isa = PBXTargetDependency;
			target = 9541463319ED93C200DE3E8F /* Postcard */;
			targetProxy = 9541464A19ED93C200DE3E8F /* PBXContainerItemProxy */;
		};
/* End PBXTargetDependency section */

/* Begin PBXVariantGroup section */
		9541463D19ED93C200DE3E8F /* Main.storyboard */ = {
			isa = PBXVariantGroup;
			children = (
				9541463E19ED93C200DE3E8F /* Base */,
			);
			name = Main.storyboard;
			sourceTree = "<group>";
		};
		9541464219ED93C200DE3E8F /* LaunchScreen.xib */ = {
			isa = PBXVariantGroup;
			children = (
				9541464319ED93C200DE3E8F /* Base */,
			);
			name = LaunchScreen.xib;
			sourceTree = "<group>";
		};
/* End PBXVariantGroup section */

/* Begin XCBuildConfiguration section */
		9541465119ED93C300DE3E8F /* Debug */ = {
			isa = XCBuildConfiguration;
			buildSettings = {
				ALWAYS_SEARCH_USER_PATHS = NO;
				CLANG_CXX_LANGUAGE_STANDARD = "gnu++0x";
				CLANG_CXX_LIBRARY = "libc++";
				CLANG_ENABLE_MODULES = YES;
				CLANG_ENABLE_OBJC_ARC = YES;
				CLANG_WARN_BOOL_CONVERSION = YES;
				CLANG_WARN_CONSTANT_CONVERSION = YES;
				CLANG_WARN_DIRECT_OBJC_ISA_USAGE = YES_ERROR;
				CLANG_WARN_EMPTY_BODY = YES;
				CLANG_WARN_ENUM_CONVERSION = YES;
				CLANG_WARN_INT_CONVERSION = YES;
				CLANG_WARN_OBJC_ROOT_CLASS = YES_ERROR;
				CLANG_WARN_UNREACHABLE_CODE = YES;
				CLANG_WARN__DUPLICATE_METHOD_MATCH = YES;
				"CODE_SIGN_IDENTITY[sdk=iphoneos*]" = "iPhone Developer";
				COPY_PHASE_STRIP = NO;
				ENABLE_STRICT_OBJC_MSGSEND = YES;
				GCC_C_LANGUAGE_STANDARD = gnu99;
				GCC_DYNAMIC_NO_PIC = NO;
				GCC_OPTIMIZATION_LEVEL = 0;
				GCC_PREPROCESSOR_DEFINITIONS = (
					"DEBUG=1",
					"$(inherited)",
				);
				GCC_SYMBOLS_PRIVATE_EXTERN = NO;
				GCC_WARN_64_TO_32_BIT_CONVERSION = YES;
				GCC_WARN_ABOUT_RETURN_TYPE = YES_ERROR;
				GCC_WARN_UNDECLARED_SELECTOR = YES;
				GCC_WARN_UNINITIALIZED_AUTOS = YES_AGGRESSIVE;
				GCC_WARN_UNUSED_FUNCTION = YES;
				GCC_WARN_UNUSED_VARIABLE = YES;
				IPHONEOS_DEPLOYMENT_TARGET = 8.0;
				MTL_ENABLE_DEBUG_INFO = YES;
				ONLY_ACTIVE_ARCH = YES;
				SDKROOT = iphoneos;
				SWIFT_OPTIMIZATION_LEVEL = "-Onone";
				TARGETED_DEVICE_FAMILY = "1,2";
			};
			name = Debug;
		};
		9541465219ED93C300DE3E8F /* Release */ = {
			isa = XCBuildConfiguration;
			buildSettings = {
				ALWAYS_SEARCH_USER_PATHS = NO;
				CLANG_CXX_LANGUAGE_STANDARD = "gnu++0x";
				CLANG_CXX_LIBRARY = "libc++";
				CLANG_ENABLE_MODULES = YES;
				CLANG_ENABLE_OBJC_ARC = YES;
				CLANG_WARN_BOOL_CONVERSION = YES;
				CLANG_WARN_CONSTANT_CONVERSION = YES;
				CLANG_WARN_DIRECT_OBJC_ISA_USAGE = YES_ERROR;
				CLANG_WARN_EMPTY_BODY = YES;
				CLANG_WARN_ENUM_CONVERSION = YES;
				CLANG_WARN_INT_CONVERSION = YES;
				CLANG_WARN_OBJC_ROOT_CLASS = YES_ERROR;
				CLANG_WARN_UNREACHABLE_CODE = YES;
				CLANG_WARN__DUPLICATE_METHOD_MATCH = YES;
				"CODE_SIGN_IDENTITY[sdk=iphoneos*]" = "iPhone Developer";
				COPY_PHASE_STRIP = YES;
				ENABLE_NS_ASSERTIONS = NO;
				ENABLE_STRICT_OBJC_MSGSEND = YES;
				GCC_C_LANGUAGE_STANDARD = gnu99;
				GCC_WARN_64_TO_32_BIT_CONVERSION = YES;
				GCC_WARN_ABOUT_RETURN_TYPE = YES_ERROR;
				GCC_WARN_UNDECLARED_SELECTOR = YES;
				GCC_WARN_UNINITIALIZED_AUTOS = YES_AGGRESSIVE;
				GCC_WARN_UNUSED_FUNCTION = YES;
				GCC_WARN_UNUSED_VARIABLE = YES;
				IPHONEOS_DEPLOYMENT_TARGET = 8.0;
				MTL_ENABLE_DEBUG_INFO = NO;
				SDKROOT = iphoneos;
				TARGETED_DEVICE_FAMILY = "1,2";
				VALIDATE_PRODUCT = YES;
			};
			name = Release;
		};
		9541465419ED93C300DE3E8F /* Debug */ = {
			isa = XCBuildConfiguration;
			buildSettings = {
				ASSETCATALOG_COMPILER_APPICON_NAME = AppIcon;
				INFOPLIST_FILE = Postcard/Info.plist;
				LD_RUNPATH_SEARCH_PATHS = "$(inherited) @executable_path/Frameworks";
				PRODUCT_NAME = "$(TARGET_NAME)";
			};
			name = Debug;
		};
		9541465519ED93C300DE3E8F /* Release */ = {
			isa = XCBuildConfiguration;
			buildSettings = {
				ASSETCATALOG_COMPILER_APPICON_NAME = AppIcon;
				INFOPLIST_FILE = Postcard/Info.plist;
				LD_RUNPATH_SEARCH_PATHS = "$(inherited) @executable_path/Frameworks";
				PRODUCT_NAME = "$(TARGET_NAME)";
			};
			name = Release;
		};
		9541465719ED93C300DE3E8F /* Debug */ = {
			isa = XCBuildConfiguration;
			buildSettings = {
				BUNDLE_LOADER = "$(TEST_HOST)";
				FRAMEWORK_SEARCH_PATHS = (
					"$(SDKROOT)/Developer/Library/Frameworks",
					"$(inherited)",
				);
				GCC_PREPROCESSOR_DEFINITIONS = (
					"DEBUG=1",
					"$(inherited)",
				);
				INFOPLIST_FILE = PostcardTests/Info.plist;
				LD_RUNPATH_SEARCH_PATHS = "$(inherited) @executable_path/Frameworks @loader_path/Frameworks";
				PRODUCT_NAME = "$(TARGET_NAME)";
				TEST_HOST = "$(BUILT_PRODUCTS_DIR)/Postcard.app/Postcard";
			};
			name = Debug;
		};
		9541465819ED93C300DE3E8F /* Release */ = {
			isa = XCBuildConfiguration;
			buildSettings = {
				BUNDLE_LOADER = "$(TEST_HOST)";
				FRAMEWORK_SEARCH_PATHS = (
					"$(SDKROOT)/Developer/Library/Frameworks",
					"$(inherited)",
				);
				INFOPLIST_FILE = PostcardTests/Info.plist;
				LD_RUNPATH_SEARCH_PATHS = "$(inherited) @executable_path/Frameworks @loader_path/Frameworks";
				PRODUCT_NAME = "$(TARGET_NAME)";
				TEST_HOST = "$(BUILT_PRODUCTS_DIR)/Postcard.app/Postcard";
			};
			name = Release;
		};
/* End XCBuildConfiguration section */

/* Begin XCConfigurationList section */
		9541462F19ED93C200DE3E8F /* Build configuration list for PBXProject "Postcard" */ = {
			isa = XCConfigurationList;
			buildConfigurations = (
				9541465119ED93C300DE3E8F /* Debug */,
				9541465219ED93C300DE3E8F /* Release */,
			);
			defaultConfigurationIsVisible = 0;
			defaultConfigurationName = Release;
		};
		9541465319ED93C300DE3E8F /* Build configuration list for PBXNativeTarget "Postcard" */ = {
			isa = XCConfigurationList;
			buildConfigurations = (
				9541465419ED93C300DE3E8F /* Debug */,
				9541465519ED93C300DE3E8F /* Release */,
			);
			defaultConfigurationIsVisible = 0;
			defaultConfigurationName = Release;
		};
		9541465619ED93C300DE3E8F /* Build configuration list for PBXNativeTarget "PostcardTests" */ = {
			isa = XCConfigurationList;
			buildConfigurations = (
				9541465719ED93C300DE3E8F /* Debug */,
				9541465819ED93C300DE3E8F /* Release */,
			);
			defaultConfigurationIsVisible = 0;
			defaultConfigurationName = Release;
		};
/* End XCConfigurationList section */
	};
	rootObject = 9541462C19ED93C200DE3E8F /* Project object */;
}
